
Microsoft Visual Studio Solution File, Format Version 12.00
# Visual Studio Version 16
VisualStudioVersion = 16.0.31702.278
MinimumVisualStudioVersion = 10.0.40219.1
Project("{FAE04EC0-301F-11D3-BF4B-00C04F79EFBC}") = "ornek16", "ornek16\ornek16.csproj", "{DF07B705-C758-4451-A0B9-2A80F0D291AA}"
EndProject
Global
	GlobalSection(SolutionConfigurationPlatforms) = preSolution
		Debug|Any CPU = Debug|Any CPU
		Release|Any CPU = Release|Any CPU
	EndGlobalSection
	GlobalSection(ProjectConfigurationPlatforms) = postSolution
		{DF07B705-C758-4451-A0B9-2A80F0D291AA}.Debug|Any CPU.ActiveCfg = Debug|Any CPU
		{DF07B705-C758-4451-A0B9-2A80F0D291AA}.Debug|Any CPU.Build.0 = Debug|Any CPU
		{DF07B705-C758-4451-A0B9-2A80F0D291AA}.Release|Any CPU.ActiveCfg = Release|Any CPU
		{DF07B705-C758-4451-A0B9-2A80F0D291AA}.Release|Any CPU.Build.0 = Release|Any CPU
	EndGlobalSection
	GlobalSection(SolutionProperties) = preSolution
		HideSolutionNode = FALSE
	EndGlobalSection
	GlobalSection(ExtensibilityGlobals) = postSolution
		SolutionGuid = {859CA7C7-044E-4186-9747-29AA7721CC33}
	EndGlobalSection
EndGlobal
