
Microsoft Visual Studio Solution File, Format Version 12.00
# Visual Studio 15
VisualStudioVersion = 15.0.28307.1022
MinimumVisualStudioVersion = 10.0.40219.1
Project("{FAE04EC0-301F-11D3-BF4B-00C04F79EFBC}") = "ucuncuHafta", "ucuncuHafta\ucuncuHafta.csproj", "{E165F420-C7DD-4F9B-A22A-308BFED7A831}"
EndProject
Global
	GlobalSection(SolutionConfigurationPlatforms) = preSolution
		Debug|Any CPU = Debug|Any CPU
		Release|Any CPU = Release|Any CPU
	EndGlobalSection
	GlobalSection(ProjectConfigurationPlatforms) = postSolution
		{E165F420-C7DD-4F9B-A22A-308BFED7A831}.Debug|Any CPU.ActiveCfg = Debug|Any CPU
		{E165F420-C7DD-4F9B-A22A-308BFED7A831}.Debug|Any CPU.Build.0 = Debug|Any CPU
		{E165F420-C7DD-4F9B-A22A-308BFED7A831}.Release|Any CPU.ActiveCfg = Release|Any CPU
		{E165F420-C7DD-4F9B-A22A-308BFED7A831}.Release|Any CPU.Build.0 = Release|Any CPU
	EndGlobalSection
	GlobalSection(SolutionProperties) = preSolution
		HideSolutionNode = FALSE
	EndGlobalSection
	GlobalSection(ExtensibilityGlobals) = postSolution
		SolutionGuid = {BC75DE97-DF0C-4AB5-823F-9A094A5D2BAB}
	EndGlobalSection
EndGlobal
