
Microsoft Visual Studio Solution File, Format Version 12.00
# Visual Studio Version 16
VisualStudioVersion = 16.0.31702.278
MinimumVisualStudioVersion = 10.0.40219.1
Project("{FAE04EC0-301F-11D3-BF4B-00C04F79EFBC}") = "ornek15", "ornek15\ornek15.csproj", "{FED49B77-E35B-4277-B855-A3150C646475}"
EndProject
Global
	GlobalSection(SolutionConfigurationPlatforms) = preSolution
		Debug|Any CPU = Debug|Any CPU
		Release|Any CPU = Release|Any CPU
	EndGlobalSection
	GlobalSection(ProjectConfigurationPlatforms) = postSolution
		{FED49B77-E35B-4277-B855-A3150C646475}.Debug|Any CPU.ActiveCfg = Debug|Any CPU
		{FED49B77-E35B-4277-B855-A3150C646475}.Debug|Any CPU.Build.0 = Debug|Any CPU
		{FED49B77-E35B-4277-B855-A3150C646475}.Release|Any CPU.ActiveCfg = Release|Any CPU
		{FED49B77-E35B-4277-B855-A3150C646475}.Release|Any CPU.Build.0 = Release|Any CPU
	EndGlobalSection
	GlobalSection(SolutionProperties) = preSolution
		HideSolutionNode = FALSE
	EndGlobalSection
	GlobalSection(ExtensibilityGlobals) = postSolution
		SolutionGuid = {FA2F0A2E-975B-4ABF-856A-6F002B31182B}
	EndGlobalSection
EndGlobal
